
Microsoft Visual Studio Solution File, Format Version 12.00
# Visual Studio Version 17
VisualStudioVersion = 17.7.34031.279
MinimumVisualStudioVersion = 10.0.40219.1
Project("{FAE04EC0-301F-11D3-BF4B-00C04F79EFBC}") = "Lab_4.4", "Lab_4.4\Lab_4.4.csproj", "{6187AF3F-C979-43B8-8975-C144C7593EF4}"
EndProject
Global
	GlobalSection(SolutionConfigurationPlatforms) = preSolution
		Debug|Any CPU = Debug|Any CPU
		Release|Any CPU = Release|Any CPU
	EndGlobalSection
	GlobalSection(ProjectConfigurationPlatforms) = postSolution
		{6187AF3F-C979-43B8-8975-C144C7593EF4}.Debug|Any CPU.ActiveCfg = Debug|Any CPU
		{6187AF3F-C979-43B8-8975-C144C7593EF4}.Debug|Any CPU.Build.0 = Debug|Any CPU
		{6187AF3F-C979-43B8-8975-C144C7593EF4}.Release|Any CPU.ActiveCfg = Release|Any CPU
		{6187AF3F-C979-43B8-8975-C144C7593EF4}.Release|Any CPU.Build.0 = Release|Any CPU
	EndGlobalSection
	GlobalSection(SolutionProperties) = preSolution
		HideSolutionNode = FALSE
	EndGlobalSection
	GlobalSection(ExtensibilityGlobals) = postSolution
		SolutionGuid = {C04E49F3-463C-40E7-BD7A-649CEA096FE5}
	EndGlobalSection
EndGlobal
